
Microsoft Visual Studio Solution File, Format Version 12.00
# Visual Studio Version 17
VisualStudioVersion = 17.10.35013.160
MinimumVisualStudioVersion = 10.0.40219.1
Project("{FAE04EC0-301F-11D3-BF4B-00C04F79EFBC}") = "TestWeek7", "TestWeek7\TestWeek7.csproj", "{A87F00F7-1259-4E55-9D3C-A244E1B8D257}"
EndProject
Global
	GlobalSection(SolutionConfigurationPlatforms) = preSolution
		Debug|Any CPU = Debug|Any CPU
		Release|Any CPU = Release|Any CPU
	EndGlobalSection
	GlobalSection(ProjectConfigurationPlatforms) = postSolution
		{A87F00F7-1259-4E55-9D3C-A244E1B8D257}.Debug|Any CPU.ActiveCfg = Debug|Any CPU
		{A87F00F7-1259-4E55-9D3C-A244E1B8D257}.Debug|Any CPU.Build.0 = Debug|Any CPU
		{A87F00F7-1259-4E55-9D3C-A244E1B8D257}.Release|Any CPU.ActiveCfg = Release|Any CPU
		{A87F00F7-1259-4E55-9D3C-A244E1B8D257}.Release|Any CPU.Build.0 = Release|Any CPU
	EndGlobalSection
	GlobalSection(SolutionProperties) = preSolution
		HideSolutionNode = FALSE
	EndGlobalSection
	GlobalSection(ExtensibilityGlobals) = postSolution
		SolutionGuid = {F94BA889-A382-48FD-AB70-438FFC4BD021}
	EndGlobalSection
EndGlobal
